
Microsoft Visual Studio Solution File, Format Version 12.00
# Visual Studio Version 17
VisualStudioVersion = 17.2.32516.85
MinimumVisualStudioVersion = 10.0.40219.1
Project("{54A90642-561A-4BB1-A94E-469ADEE60C69}") = "Library_App", "Library_App\Library_App.esproj", "{C723B816-2E87-4BC0-B5F0-D92E9BDEAA3A}"
EndProject
Project("{FAE04EC0-301F-11D3-BF4B-00C04F79EFBC}") = "Library_Api", "Library_Api\Library_Api.csproj", "{81198F64-28E9-4D56-ADFF-711D1CEED9D3}"
EndProject
Global
	GlobalSection(SolutionConfigurationPlatforms) = preSolution
		Debug|Any CPU = Debug|Any CPU
		Release|Any CPU = Release|Any CPU
	EndGlobalSection
	GlobalSection(ProjectConfigurationPlatforms) = postSolution
		{C723B816-2E87-4BC0-B5F0-D92E9BDEAA3A}.Debug|Any CPU.ActiveCfg = Debug|Any CPU
		{C723B816-2E87-4BC0-B5F0-D92E9BDEAA3A}.Debug|Any CPU.Build.0 = Debug|Any CPU
		{C723B816-2E87-4BC0-B5F0-D92E9BDEAA3A}.Debug|Any CPU.Deploy.0 = Debug|Any CPU
		{C723B816-2E87-4BC0-B5F0-D92E9BDEAA3A}.Release|Any CPU.ActiveCfg = Release|Any CPU
		{C723B816-2E87-4BC0-B5F0-D92E9BDEAA3A}.Release|Any CPU.Build.0 = Release|Any CPU
		{C723B816-2E87-4BC0-B5F0-D92E9BDEAA3A}.Release|Any CPU.Deploy.0 = Release|Any CPU
		{81198F64-28E9-4D56-ADFF-711D1CEED9D3}.Debug|Any CPU.ActiveCfg = Debug|Any CPU
		{81198F64-28E9-4D56-ADFF-711D1CEED9D3}.Debug|Any CPU.Build.0 = Debug|Any CPU
		{81198F64-28E9-4D56-ADFF-711D1CEED9D3}.Release|Any CPU.ActiveCfg = Release|Any CPU
		{81198F64-28E9-4D56-ADFF-711D1CEED9D3}.Release|Any CPU.Build.0 = Release|Any CPU
	EndGlobalSection
	GlobalSection(SolutionProperties) = preSolution
		HideSolutionNode = FALSE
	EndGlobalSection
	GlobalSection(ExtensibilityGlobals) = postSolution
		SolutionGuid = {6D606227-6929-4014-B60B-6EDE3CFE68CA}
	EndGlobalSection
EndGlobal
